github.com/antihax/optional v1.0.0 h1:xK2lYat7ZLaVVcIuj82J8kIro4V6kDe0AUDFboUCwcg=
github.com/antihax/optional v1.0.0/go.mod h1:uupD/76wgC+ih3iEmQUL+0Ugr19nfwCT1kdvxnR2qWY=
github.com/gateio/gateapi-go/v6 v6.26.0 h1:4XsRFtspo0tncdyldf2Tpd2yTvhiui+d/Ukf1Wo2tg8=
github.com/gateio/gateapi-go/v6 v6.26.0/go.mod h1:racCcjrdyOUbRDO5eCUGUiyDPrF/ZmwBj/bupPZTVLY=
github.com/joho/godotenv v1.4.0 h1:3l4+N6zfMWnkbPEXKng2o2/MR5mSwTrBih4ZEkkz1lg=
github.com/joho/godotenv v1.4.0/go.mod h1:f4LDr5Voq0i2e/R5DDNOoa2zzDfwtkZa6DnEwAbqwq4=
github.com/shopspring/decimal v1.3.1 h1:2Usl1nmF/WZucqkFZhnfFYxxxu8LG21F6nPQBE5gKV8=
github.com/shopspring/decimal v1.3.1/go.mod h1:DKyhrW/HYNuLGql+MJL6WCR6knT2jwCFRcu2hWCYk4o=
golang.org/x/exp v0.0.0-20221114191408-850992195362 h1:NoHlPRbyl1VFI6FjwHtPQCN7wAMXI6cKcqrmXhOOfBQ=
golang.org/x/exp v0.0.0-20221114191408-850992195362/go.mod h1:CxIveKay+FTh1D0yPZemJVgC/95VzuuOLq5Qi4xnoYc=
